
Microsoft Visual Studio Solution File, Format Version 12.00
# Visual Studio Version 16
VisualStudioVersion = 16.0.32126.315
MinimumVisualStudioVersion = 10.0.40219.1
Project("{9A19103F-16F7-4668-BE54-9A1E7A4F7556}") = "Dominio", "Dominio\Dominio.csproj", "{87A6CDF2-7D0D-47DB-B742-565AE67F59A8}"
EndProject
Project("{FAE04EC0-301F-11D3-BF4B-00C04F79EFBC}") = "Repositorios", "Repositorios\Repositorios.csproj", "{961ACD7C-64D8-486E-AB12-66A2484F5CD7}"
EndProject
Project("{FAE04EC0-301F-11D3-BF4B-00C04F79EFBC}") = "Vivero", "Vivero\Vivero.csproj", "{3F0CBF5D-90C8-452C-BE5B-46D9596E2A7F}"
EndProject
Global
	GlobalSection(SolutionConfigurationPlatforms) = preSolution
		Debug|Any CPU = Debug|Any CPU
		Release|Any CPU = Release|Any CPU
	EndGlobalSection
	GlobalSection(ProjectConfigurationPlatforms) = postSolution
		{87A6CDF2-7D0D-47DB-B742-565AE67F59A8}.Debug|Any CPU.ActiveCfg = Debug|Any CPU
		{87A6CDF2-7D0D-47DB-B742-565AE67F59A8}.Debug|Any CPU.Build.0 = Debug|Any CPU
		{87A6CDF2-7D0D-47DB-B742-565AE67F59A8}.Release|Any CPU.ActiveCfg = Release|Any CPU
		{87A6CDF2-7D0D-47DB-B742-565AE67F59A8}.Release|Any CPU.Build.0 = Release|Any CPU
		{961ACD7C-64D8-486E-AB12-66A2484F5CD7}.Debug|Any CPU.ActiveCfg = Debug|Any CPU
		{961ACD7C-64D8-486E-AB12-66A2484F5CD7}.Debug|Any CPU.Build.0 = Debug|Any CPU
		{961ACD7C-64D8-486E-AB12-66A2484F5CD7}.Release|Any CPU.ActiveCfg = Release|Any CPU
		{961ACD7C-64D8-486E-AB12-66A2484F5CD7}.Release|Any CPU.Build.0 = Release|Any CPU
		{3F0CBF5D-90C8-452C-BE5B-46D9596E2A7F}.Debug|Any CPU.ActiveCfg = Debug|Any CPU
		{3F0CBF5D-90C8-452C-BE5B-46D9596E2A7F}.Debug|Any CPU.Build.0 = Debug|Any CPU
		{3F0CBF5D-90C8-452C-BE5B-46D9596E2A7F}.Release|Any CPU.ActiveCfg = Release|Any CPU
		{3F0CBF5D-90C8-452C-BE5B-46D9596E2A7F}.Release|Any CPU.Build.0 = Release|Any CPU
	EndGlobalSection
	GlobalSection(SolutionProperties) = preSolution
		HideSolutionNode = FALSE
	EndGlobalSection
	GlobalSection(ExtensibilityGlobals) = postSolution
		SolutionGuid = {2B9872DB-00AC-47F8-B25C-9DA8934B4CF6}
	EndGlobalSection
EndGlobal
